// !$*UTF8*$!
{
	archiveVersion = 1;
	classes = {
	};
	objectVersion = 55;
	objects = {

/* Begin PBXBuildFile section */
		5E1B791527CE1BBF00A9478D /* TwinklingStarsView.swift in Sources */ = {isa = PBXBuildFile; fileRef = 5E1B791427CE1BBF00A9478D /* TwinklingStarsView.swift */; };
		5E1B791827CE944300A9478D /* WeatherGraphAnimationView.swift in Sources */ = {isa = PBXBuildFile; fileRef = 5E1B791727CE944300A9478D /* WeatherGraphAnimationView.swift */; };
		5E1B791A27CE955400A9478D /* DataModel.swift in Sources */ = {isa = PBXBuildFile; fileRef = 5E1B791927CE955400A9478D /* DataModel.swift */; };
		5E1B791C27CE974A00A9478D /* PickerView.swift in Sources */ = {isa = PBXBuildFile; fileRef = 5E1B791B27CE974A00A9478D /* PickerView.swift */; };
		5E1B791F27CF7A2E00A9478D /* SunMoonToggleStyle in Frameworks */ = {isa = PBXBuildFile; productRef = 5E1B791E27CF7A2E00A9478D /* SunMoonToggleStyle */; };
		5E1B792127CF7AA900A9478D /* SunMoonToggleView.swift in Sources */ = {isa = PBXBuildFile; fileRef = 5E1B792027CF7AA900A9478D /* SunMoonToggleView.swift */; };
		5E1B792427CF7E6800A9478D /* GearsAndBeltsView.swift in Sources */ = {isa = PBXBuildFile; fileRef = 5E1B792327CF7E6800A9478D /* GearsAndBeltsView.swift */; };
		5E1B792627CFD16A00A9478D /* GearView.swift in Sources */ = {isa = PBXBuildFile; fileRef = 5E1B792527CFD16A00A9478D /* GearView.swift */; };
		5E1B792827CFD53400A9478D /* BeltView.swift in Sources */ = {isa = PBXBuildFile; fileRef = 5E1B792727CFD53400A9478D /* BeltView.swift */; };
		5E1B792A27CFD60D00A9478D /* WormGearsView.swift in Sources */ = {isa = PBXBuildFile; fileRef = 5E1B792927CFD60D00A9478D /* WormGearsView.swift */; };
		5E1B792C27CFDAA700A9478D /* ShaftView.swift in Sources */ = {isa = PBXBuildFile; fileRef = 5E1B792B27CFDAA700A9478D /* ShaftView.swift */; };
		5E1B792E27CFDAFC00A9478D /* FanView.swift in Sources */ = {isa = PBXBuildFile; fileRef = 5E1B792D27CFDAFC00A9478D /* FanView.swift */; };
		5E1B793127CFED9E00A9478D /* WawesView.swift in Sources */ = {isa = PBXBuildFile; fileRef = 5E1B793027CFED9E00A9478D /* WawesView.swift */; };
		5E1B793327CFEDEC00A9478D /* buoyBells.m4a in Resources */ = {isa = PBXBuildFile; fileRef = 5E1B793227CFEDEC00A9478D /* buoyBells.m4a */; };
		5E1B793727CFEED600A9478D /* sevemedim.m4a in Resources */ = {isa = PBXBuildFile; fileRef = 5E1B793627CFEED600A9478D /* sevemedim.m4a */; };
		5E1B793927CFEF2400A9478D /* BuoyView.swift in Sources */ = {isa = PBXBuildFile; fileRef = 5E1B793827CFEF2400A9478D /* BuoyView.swift */; };
		5E1B793B27CFEF4700A9478D /* WaweView.swift in Sources */ = {isa = PBXBuildFile; fileRef = 5E1B793A27CFEF4700A9478D /* WaweView.swift */; };
		5E1B794027D1409A00A9478D /* HeartAnimateView.swift in Sources */ = {isa = PBXBuildFile; fileRef = 5E1B793F27D1409A00A9478D /* HeartAnimateView.swift */; };
		5E1B794227D140BE00A9478D /* HeartShape.swift in Sources */ = {isa = PBXBuildFile; fileRef = 5E1B794127D140BE00A9478D /* HeartShape.swift */; };
		5E1B794527D1456400A9478D /* ExpandButtonView.swift in Sources */ = {isa = PBXBuildFile; fileRef = 5E1B794427D1456400A9478D /* ExpandButtonView.swift */; };
		5E1B794727D27F3B00A9478D /* ExpandingView.swift in Sources */ = {isa = PBXBuildFile; fileRef = 5E1B794627D27F3B00A9478D /* ExpandingView.swift */; };
		5E1B794A27D2825200A9478D /* LightSwitchView.swift in Sources */ = {isa = PBXBuildFile; fileRef = 5E1B794927D2825200A9478D /* LightSwitchView.swift */; };
		5E1B794D27D2855B00A9478D /* WifiLoadingView.swift in Sources */ = {isa = PBXBuildFile; fileRef = 5E1B794C27D2855B00A9478D /* WifiLoadingView.swift */; };
		5E1B794F27D2885300A9478D /* CirclesView.swift in Sources */ = {isa = PBXBuildFile; fileRef = 5E1B794E27D2885300A9478D /* CirclesView.swift */; };
		5E1B795127D2896800A9478D /* CircleEmitterView.swift in Sources */ = {isa = PBXBuildFile; fileRef = 5E1B795027D2896800A9478D /* CircleEmitterView.swift */; };
		5E1B795327D28A3900A9478D /* ArcView.swift in Sources */ = {isa = PBXBuildFile; fileRef = 5E1B795227D28A3900A9478D /* ArcView.swift */; };
		5E1B795627D371C700A9478D /* SplashScreenView.swift in Sources */ = {isa = PBXBuildFile; fileRef = 5E1B795527D371C700A9478D /* SplashScreenView.swift */; };
		5E1B795827D3747200A9478D /* OnBoardScreenView.swift in Sources */ = {isa = PBXBuildFile; fileRef = 5E1B795727D3747200A9478D /* OnBoardScreenView.swift */; };
		5E1B795B27D3846400A9478D /* BoardingScreen.swift in Sources */ = {isa = PBXBuildFile; fileRef = 5E1B795A27D3846400A9478D /* BoardingScreen.swift */; };
		5E1B795E27D386BB00A9478D /* OnBoarding.swift in Sources */ = {isa = PBXBuildFile; fileRef = 5E1B795D27D386BB00A9478D /* OnBoarding.swift */; };
		5E1B796027D387A000A9478D /* OffsetPageTabView.swift in Sources */ = {isa = PBXBuildFile; fileRef = 5E1B795F27D387A000A9478D /* OffsetPageTabView.swift */; };
		5E1B796D27D48BA500A9478D /* HomeView.swift in Sources */ = {isa = PBXBuildFile; fileRef = 5E1B796C27D48BA500A9478D /* HomeView.swift */; };
		5E1B796F27D48C5A00A9478D /* CardModel.swift in Sources */ = {isa = PBXBuildFile; fileRef = 5E1B796E27D48C5A00A9478D /* CardModel.swift */; };
		5E1B797127D48CA200A9478D /* CarouselViewModel.swift in Sources */ = {isa = PBXBuildFile; fileRef = 5E1B797027D48CA200A9478D /* CarouselViewModel.swift */; };
		5E1B797327D48CF400A9478D /* CardView.swift in Sources */ = {isa = PBXBuildFile; fileRef = 5E1B797227D48CF400A9478D /* CardView.swift */; };
		5E1B797527D4BF1400A9478D /* CustomGridView.swift in Sources */ = {isa = PBXBuildFile; fileRef = 5E1B797427D4BF1400A9478D /* CustomGridView.swift */; };
		5E1B797727D4C4AC00A9478D /* TutorialModel.swift in Sources */ = {isa = PBXBuildFile; fileRef = 5E1B797627D4C4AC00A9478D /* TutorialModel.swift */; };
		5E1B797927D4C60100A9478D /* CustomGridViewModel.swift in Sources */ = {isa = PBXBuildFile; fileRef = 5E1B797827D4C60100A9478D /* CustomGridViewModel.swift */; };
		5E1B797B27D4D18F00A9478D /* CustomCarouselView.swift in Sources */ = {isa = PBXBuildFile; fileRef = 5E1B797A27D4D18F00A9478D /* CustomCarouselView.swift */; };
		5E1B797D27D4D90400A9478D /* CustomNavigationView.swift in Sources */ = {isa = PBXBuildFile; fileRef = 5E1B797C27D4D90400A9478D /* CustomNavigationView.swift */; };
		5E1B798127D609DB00A9478D /* CarouselDetailView.swift in Sources */ = {isa = PBXBuildFile; fileRef = 5E1B798027D609DB00A9478D /* CarouselDetailView.swift */; };
		5E1B798327D60C1500A9478D /* GridDetailView.swift in Sources */ = {isa = PBXBuildFile; fileRef = 5E1B798227D60C1500A9478D /* GridDetailView.swift */; };
		5E41628327C7FD54008B9352 /* RecordPlayerBox.swift in Sources */ = {isa = PBXBuildFile; fileRef = 5E41628227C7FD54008B9352 /* RecordPlayerBox.swift */; };
		5E41628527C802B4008B9352 /* PlaySound.swift in Sources */ = {isa = PBXBuildFile; fileRef = 5E41628427C802B4008B9352 /* PlaySound.swift */; };
		5E41628727C802F5008B9352 /* RecordView.swift in Sources */ = {isa = PBXBuildFile; fileRef = 5E41628627C802F5008B9352 /* RecordView.swift */; };
		5E41628C27C8043B008B9352 /* ArmView.swift in Sources */ = {isa = PBXBuildFile; fileRef = 5E41628B27C8043B008B9352 /* ArmView.swift */; };
		5E41628E27C805DE008B9352 /* RecordPlayerView.swift in Sources */ = {isa = PBXBuildFile; fileRef = 5E41628D27C805DE008B9352 /* RecordPlayerView.swift */; };
		5E41629327C95474008B9352 /* FunColorRotationView.swift in Sources */ = {isa = PBXBuildFile; fileRef = 5E41629227C95474008B9352 /* FunColorRotationView.swift */; };
		5E41629627C964CC008B9352 /* BreathingFlowerView.swift in Sources */ = {isa = PBXBuildFile; fileRef = 5E41629527C964CC008B9352 /* BreathingFlowerView.swift */; };
		5E41629927C971D3008B9352 /* FlyingBirdView.swift in Sources */ = {isa = PBXBuildFile; fileRef = 5E41629827C971D3008B9352 /* FlyingBirdView.swift */; };
		5EDC146F27CA29590080DA96 /* BubbleSpriteKitView.swift in Sources */ = {isa = PBXBuildFile; fileRef = 5EDC146E27CA29590080DA96 /* BubbleSpriteKitView.swift */; };
		5EDC147227CA39B00080DA96 /* HugeRotationView.swift in Sources */ = {isa = PBXBuildFile; fileRef = 5EDC147127CA39B00080DA96 /* HugeRotationView.swift */; };
		5EDC147527CABE860080DA96 /* FlyPresentDismissTransitionView.swift in Sources */ = {isa = PBXBuildFile; fileRef = 5EDC147427CABE860080DA96 /* FlyPresentDismissTransitionView.swift */; };
		5EDC147727CABF010080DA96 /* SettingsView.swift in Sources */ = {isa = PBXBuildFile; fileRef = 5EDC147627CABF010080DA96 /* SettingsView.swift */; };
		5EE3D59F27C78E0800BCFDF8 /* SwiftUIAnimationTutorialsApp.swift in Sources */ = {isa = PBXBuildFile; fileRef = 5EE3D59E27C78E0800BCFDF8 /* SwiftUIAnimationTutorialsApp.swift */; };
		5EE3D5A127C78E0800BCFDF8 /* ContentView.swift in Sources */ = {isa = PBXBuildFile; fileRef = 5EE3D5A027C78E0800BCFDF8 /* ContentView.swift */; };
		5EE3D5A327C78E0900BCFDF8 /* Assets.xcassets in Resources */ = {isa = PBXBuildFile; fileRef = 5EE3D5A227C78E0900BCFDF8 /* Assets.xcassets */; };
		5EE3D5A627C78E0900BCFDF8 /* Preview Assets.xcassets in Resources */ = {isa = PBXBuildFile; fileRef = 5EE3D5A527C78E0900BCFDF8 /* Preview Assets.xcassets */; };
		5EE3D5AE27C78E4E00BCFDF8 /* CircleView.swift in Sources */ = {isa = PBXBuildFile; fileRef = 5EE3D5AD27C78E4E00BCFDF8 /* CircleView.swift */; };
		5EF2840B27CB63A300901443 /* ParallaxEffectView.swift in Sources */ = {isa = PBXBuildFile; fileRef = 5EF2840A27CB63A300901443 /* ParallaxEffectView.swift */; };
		5EF2840E27CB6D6F00901443 /* ElevatorAppView.swift in Sources */ = {isa = PBXBuildFile; fileRef = 5EF2840D27CB6D6F00901443 /* ElevatorAppView.swift */; };
		5EF2841127CB6DB700901443 /* elevatorChime.m4a in Resources */ = {isa = PBXBuildFile; fileRef = 5EF2840F27CB6DB700901443 /* elevatorChime.m4a */; };
		5EF2841227CB6DB700901443 /* doorsOpenClose.m4a in Resources */ = {isa = PBXBuildFile; fileRef = 5EF2841027CB6DB700901443 /* doorsOpenClose.m4a */; };
		5EF2841427CB74AA00901443 /*  FrameAndDoorsView.swift in Sources */ = {isa = PBXBuildFile; fileRef = 5EF2841327CB74AA00901443 /*  FrameAndDoorsView.swift */; };
		5EF2841627CB78CA00901443 /* ElevatorPlaySound.swift in Sources */ = {isa = PBXBuildFile; fileRef = 5EF2841527CB78CA00901443 /* ElevatorPlaySound.swift */; };
		5EF2841927CCD1F200901443 /* SwingingView.swift in Sources */ = {isa = PBXBuildFile; fileRef = 5EF2841827CCD1F200901443 /* SwingingView.swift */; };
/* End PBXBuildFile section */

/* Begin PBXFileReference section */
		5E1B791427CE1BBF00A9478D /* TwinklingStarsView.swift */ = {isa = PBXFileReference; lastKnownFileType = sourcecode.swift; path = TwinklingStarsView.swift; sourceTree = "<group>"; };
		5E1B791727CE944300A9478D /* WeatherGraphAnimationView.swift */ = {isa = PBXFileReference; lastKnownFileType = sourcecode.swift; path = WeatherGraphAnimationView.swift; sourceTree = "<group>"; };
		5E1B791927CE955400A9478D /* DataModel.swift */ = {isa = PBXFileReference; lastKnownFileType = sourcecode.swift; path = DataModel.swift; sourceTree = "<group>"; };
		5E1B791B27CE974A00A9478D /* PickerView.swift */ = {isa = PBXFileReference; lastKnownFileType = sourcecode.swift; path = PickerView.swift; sourceTree = "<group>"; };
		5E1B792027CF7AA900A9478D /* SunMoonToggleView.swift */ = {isa = PBXFileReference; lastKnownFileType = sourcecode.swift; path = SunMoonToggleView.swift; sourceTree = "<group>"; };
		5E1B792327CF7E6800A9478D /* GearsAndBeltsView.swift */ = {isa = PBXFileReference; lastKnownFileType = sourcecode.swift; path = GearsAndBeltsView.swift; sourceTree = "<group>"; };
		5E1B792527CFD16A00A9478D /* GearView.swift */ = {isa = PBXFileReference; lastKnownFileType = sourcecode.swift; path = GearView.swift; sourceTree = "<group>"; };
		5E1B792727CFD53400A9478D /* BeltView.swift */ = {isa = PBXFileReference; lastKnownFileType = sourcecode.swift; path = BeltView.swift; sourceTree = "<group>"; };
		5E1B792927CFD60D00A9478D /* WormGearsView.swift */ = {isa = PBXFileReference; lastKnownFileType = sourcecode.swift; path = WormGearsView.swift; sourceTree = "<group>"; };
		5E1B792B27CFDAA700A9478D /* ShaftView.swift */ = {isa = PBXFileReference; lastKnownFileType = sourcecode.swift; path = ShaftView.swift; sourceTree = "<group>"; };
		5E1B792D27CFDAFC00A9478D /* FanView.swift */ = {isa = PBXFileReference; lastKnownFileType = sourcecode.swift; path = FanView.swift; sourceTree = "<group>"; };
		5E1B793027CFED9E00A9478D /* WawesView.swift */ = {isa = PBXFileReference; lastKnownFileType = sourcecode.swift; path = WawesView.swift; sourceTree = "<group>"; };
		5E1B793227CFEDEC00A9478D /* buoyBells.m4a */ = {isa = PBXFileReference; lastKnownFileType = file; path = buoyBells.m4a; sourceTree = "<group>"; };
		5E1B793627CFEED600A9478D /* sevemedim.m4a */ = {isa = PBXFileReference; lastKnownFileType = file; path = sevemedim.m4a; sourceTree = "<group>"; };
		5E1B793827CFEF2400A9478D /* BuoyView.swift */ = {isa = PBXFileReference; lastKnownFileType = sourcecode.swift; path = BuoyView.swift; sourceTree = "<group>"; };
		5E1B793A27CFEF4700A9478D /* WaweView.swift */ = {isa = PBXFileReference; lastKnownFileType = sourcecode.swift; path = WaweView.swift; sourceTree = "<group>"; };
		5E1B793F27D1409A00A9478D /* HeartAnimateView.swift */ = {isa = PBXFileReference; lastKnownFileType = sourcecode.swift; path = HeartAnimateView.swift; sourceTree = "<group>"; };
		5E1B794127D140BE00A9478D /* HeartShape.swift */ = {isa = PBXFileReference; lastKnownFileType = sourcecode.swift; path = HeartShape.swift; sourceTree = "<group>"; };
		5E1B794427D1456400A9478D /* ExpandButtonView.swift */ = {isa = PBXFileReference; lastKnownFileType = sourcecode.swift; path = ExpandButtonView.swift; sourceTree = "<group>"; };
		5E1B794627D27F3B00A9478D /* ExpandingView.swift */ = {isa = PBXFileReference; lastKnownFileType = sourcecode.swift; path = ExpandingView.swift; sourceTree = "<group>"; };
		5E1B794927D2825200A9478D /* LightSwitchView.swift */ = {isa = PBXFileReference; lastKnownFileType = sourcecode.swift; path = LightSwitchView.swift; sourceTree = "<group>"; };
		5E1B794C27D2855B00A9478D /* WifiLoadingView.swift */ = {isa = PBXFileReference; lastKnownFileType = sourcecode.swift; path = WifiLoadingView.swift; sourceTree = "<group>"; };
		5E1B794E27D2885300A9478D /* CirclesView.swift */ = {isa = PBXFileReference; lastKnownFileType = sourcecode.swift; path = CirclesView.swift; sourceTree = "<group>"; };
		5E1B795027D2896800A9478D /* CircleEmitterView.swift */ = {isa = PBXFileReference; lastKnownFileType = sourcecode.swift; path = CircleEmitterView.swift; sourceTree = "<group>"; };
		5E1B795227D28A3900A9478D /* ArcView.swift */ = {isa = PBXFileReference; lastKnownFileType = sourcecode.swift; path = ArcView.swift; sourceTree = "<group>"; };
		5E1B795527D371C700A9478D /* SplashScreenView.swift */ = {isa = PBXFileReference; lastKnownFileType = sourcecode.swift; path = SplashScreenView.swift; sourceTree = "<group>"; };
		5E1B795727D3747200A9478D /* OnBoardScreenView.swift */ = {isa = PBXFileReference; lastKnownFileType = sourcecode.swift; path = OnBoardScreenView.swift; sourceTree = "<group>"; };
		5E1B795A27D3846400A9478D /* BoardingScreen.swift */ = {isa = PBXFileReference; lastKnownFileType = sourcecode.swift; path = BoardingScreen.swift; sourceTree = "<group>"; };
		5E1B795D27D386BB00A9478D /* OnBoarding.swift */ = {isa = PBXFileReference; lastKnownFileType = sourcecode.swift; path = OnBoarding.swift; sourceTree = "<group>"; };
		5E1B795F27D387A000A9478D /* OffsetPageTabView.swift */ = {isa = PBXFileReference; lastKnownFileType = sourcecode.swift; path = OffsetPageTabView.swift; sourceTree = "<group>"; };
		5E1B796C27D48BA500A9478D /* HomeView.swift */ = {isa = PBXFileReference; lastKnownFileType = sourcecode.swift; path = HomeView.swift; sourceTree = "<group>"; };
		5E1B796E27D48C5A00A9478D /* CardModel.swift */ = {isa = PBXFileReference; lastKnownFileType = sourcecode.swift; path = CardModel.swift; sourceTree = "<group>"; };
		5E1B797027D48CA200A9478D /* CarouselViewModel.swift */ = {isa = PBXFileReference; lastKnownFileType = sourcecode.swift; path = CarouselViewModel.swift; sourceTree = "<group>"; };
		5E1B797227D48CF400A9478D /* CardView.swift */ = {isa = PBXFileReference; lastKnownFileType = sourcecode.swift; path = CardView.swift; sourceTree = "<group>"; };
		5E1B797427D4BF1400A9478D /* CustomGridView.swift */ = {isa = PBXFileReference; lastKnownFileType = sourcecode.swift; path = CustomGridView.swift; sourceTree = "<group>"; };
		5E1B797627D4C4AC00A9478D /* TutorialModel.swift */ = {isa = PBXFileReference; lastKnownFileType = sourcecode.swift; path = TutorialModel.swift; sourceTree = "<group>"; };
		5E1B797827D4C60100A9478D /* CustomGridViewModel.swift */ = {isa = PBXFileReference; lastKnownFileType = sourcecode.swift; path = CustomGridViewModel.swift; sourceTree = "<group>"; };
		5E1B797A27D4D18F00A9478D /* CustomCarouselView.swift */ = {isa = PBXFileReference; lastKnownFileType = sourcecode.swift; path = CustomCarouselView.swift; sourceTree = "<group>"; };
		5E1B797C27D4D90400A9478D /* CustomNavigationView.swift */ = {isa = PBXFileReference; lastKnownFileType = sourcecode.swift; path = CustomNavigationView.swift; sourceTree = "<group>"; };
		5E1B798027D609DB00A9478D /* CarouselDetailView.swift */ = {isa = PBXFileReference; lastKnownFileType = sourcecode.swift; path = CarouselDetailView.swift; sourceTree = "<group>"; };
		5E1B798227D60C1500A9478D /* GridDetailView.swift */ = {isa = PBXFileReference; lastKnownFileType = sourcecode.swift; path = GridDetailView.swift; sourceTree = "<group>"; };
		5E41628227C7FD54008B9352 /* RecordPlayerBox.swift */ = {isa = PBXFileReference; lastKnownFileType = sourcecode.swift; path = RecordPlayerBox.swift; sourceTree = "<group>"; };
		5E41628427C802B4008B9352 /* PlaySound.swift */ = {isa = PBXFileReference; lastKnownFileType = sourcecode.swift; path = PlaySound.swift; sourceTree = "<group>"; };
		5E41628627C802F5008B9352 /* RecordView.swift */ = {isa = PBXFileReference; lastKnownFileType = sourcecode.swift; path = RecordView.swift; sourceTree = "<group>"; };
		5E41628B27C8043B008B9352 /* ArmView.swift */ = {isa = PBXFileReference; lastKnownFileType = sourcecode.swift; path = ArmView.swift; sourceTree = "<group>"; };
		5E41628D27C805DE008B9352 /* RecordPlayerView.swift */ = {isa = PBXFileReference; lastKnownFileType = sourcecode.swift; path = RecordPlayerView.swift; sourceTree = "<group>"; };
		5E41629227C95474008B9352 /* FunColorRotationView.swift */ = {isa = PBXFileReference; lastKnownFileType = sourcecode.swift; path = FunColorRotationView.swift; sourceTree = "<group>"; };
		5E41629527C964CC008B9352 /* BreathingFlowerView.swift */ = {isa = PBXFileReference; lastKnownFileType = sourcecode.swift; path = BreathingFlowerView.swift; sourceTree = "<group>"; };
		5E41629827C971D3008B9352 /* FlyingBirdView.swift */ = {isa = PBXFileReference; lastKnownFileType = sourcecode.swift; path = FlyingBirdView.swift; sourceTree = "<group>"; };
		5EDC146E27CA29590080DA96 /* BubbleSpriteKitView.swift */ = {isa = PBXFileReference; lastKnownFileType = sourcecode.swift; path = BubbleSpriteKitView.swift; sourceTree = "<group>"; };
		5EDC147127CA39B00080DA96 /* HugeRotationView.swift */ = {isa = PBXFileReference; lastKnownFileType = sourcecode.swift; path = HugeRotationView.swift; sourceTree = "<group>"; };
		5EDC147427CABE860080DA96 /* FlyPresentDismissTransitionView.swift */ = {isa = PBXFileReference; lastKnownFileType = sourcecode.swift; path = FlyPresentDismissTransitionView.swift; sourceTree = "<group>"; };
		5EDC147627CABF010080DA96 /* SettingsView.swift */ = {isa = PBXFileReference; lastKnownFileType = sourcecode.swift; path = SettingsView.swift; sourceTree = "<group>"; };
		5EE3D59B27C78E0800BCFDF8 /* SwiftUIAnimationTutorials.app */ = {isa = PBXFileReference; explicitFileType = wrapper.application; includeInIndex = 0; path = SwiftUIAnimationTutorials.app; sourceTree = BUILT_PRODUCTS_DIR; };
		5EE3D59E27C78E0800BCFDF8 /* SwiftUIAnimationTutorialsApp.swift */ = {isa = PBXFileReference; lastKnownFileType = sourcecode.swift; path = SwiftUIAnimationTutorialsApp.swift; sourceTree = "<group>"; };
		5EE3D5A027C78E0800BCFDF8 /* ContentView.swift */ = {isa = PBXFileReference; lastKnownFileType = sourcecode.swift; path = ContentView.swift; sourceTree = "<group>"; };
		5EE3D5A227C78E0900BCFDF8 /* Assets.xcassets */ = {isa = PBXFileReference; lastKnownFileType = folder.assetcatalog; path = Assets.xcassets; sourceTree = "<group>"; };
		5EE3D5A527C78E0900BCFDF8 /* Preview Assets.xcassets */ = {isa = PBXFileReference; lastKnownFileType = folder.assetcatalog; path = "Preview Assets.xcassets"; sourceTree = "<group>"; };
		5EE3D5AD27C78E4E00BCFDF8 /* CircleView.swift */ = {isa = PBXFileReference; lastKnownFileType = sourcecode.swift; path = CircleView.swift; sourceTree = "<group>"; };
		5EF2840A27CB63A300901443 /* ParallaxEffectView.swift */ = {isa = PBXFileReference; lastKnownFileType = sourcecode.swift; path = ParallaxEffectView.swift; sourceTree = "<group>"; };
		5EF2840D27CB6D6F00901443 /* ElevatorAppView.swift */ = {isa = PBXFileReference; lastKnownFileType = sourcecode.swift; path = ElevatorAppView.swift; sourceTree = "<group>"; };
		5EF2840F27CB6DB700901443 /* elevatorChime.m4a */ = {isa = PBXFileReference; lastKnownFileType = file; path = elevatorChime.m4a; sourceTree = "<group>"; };
		5EF2841027CB6DB700901443 /* doorsOpenClose.m4a */ = {isa = PBXFileReference; lastKnownFileType = file; path = doorsOpenClose.m4a; sourceTree = "<group>"; };
		5EF2841327CB74AA00901443 /*  FrameAndDoorsView.swift */ = {isa = PBXFileReference; lastKnownFileType = sourcecode.swift; path = " FrameAndDoorsView.swift"; sourceTree = "<group>"; };
		5EF2841527CB78CA00901443 /* ElevatorPlaySound.swift */ = {isa = PBXFileReference; lastKnownFileType = sourcecode.swift; path = ElevatorPlaySound.swift; sourceTree = "<group>"; };
		5EF2841827CCD1F200901443 /* SwingingView.swift */ = {isa = PBXFileReference; lastKnownFileType = sourcecode.swift; path = SwingingView.swift; sourceTree = "<group>"; };
/* End PBXFileReference section */

/* Begin PBXFrameworksBuildPhase section */
		5EE3D59827C78E0800BCFDF8 /* Frameworks */ = {
			isa = PBXFrameworksBuildPhase;
			buildActionMask = 2147483647;
			files = (
				5E1B791F27CF7A2E00A9478D /* SunMoonToggleStyle in Frameworks */,
			);
			runOnlyForDeploymentPostprocessing = 0;
		};
/* End PBXFrameworksBuildPhase section */

/* Begin PBXGroup section */
		5E1B791327CE18E900A9478D /* TwinklingStars */ = {
			isa = PBXGroup;
			children = (
				5E1B791427CE1BBF00A9478D /* TwinklingStarsView.swift */,
			);
			path = TwinklingStars;
			sourceTree = "<group>";
		};
		5E1B791627CE941F00A9478D /* WeatherGraphAnimation */ = {
			isa = PBXGroup;
			children = (
				5E1B791727CE944300A9478D /* WeatherGraphAnimationView.swift */,
				5E1B791927CE955400A9478D /* DataModel.swift */,
				5E1B791B27CE974A00A9478D /* PickerView.swift */,
				5E1B792027CF7AA900A9478D /* SunMoonToggleView.swift */,
			);
			path = WeatherGraphAnimation;
			sourceTree = "<group>";
		};
		5E1B792227CF7E2E00A9478D /* GearsAndBelts */ = {
			isa = PBXGroup;
			children = (
				5E1B792327CF7E6800A9478D /* GearsAndBeltsView.swift */,
				5E1B792527CFD16A00A9478D /* GearView.swift */,
				5E1B792B27CFDAA700A9478D /* ShaftView.swift */,
				5E1B792927CFD60D00A9478D /* WormGearsView.swift */,
				5E1B792D27CFDAFC00A9478D /* FanView.swift */,
				5E1B792727CFD53400A9478D /* BeltView.swift */,
			);
			path = GearsAndBelts;
			sourceTree = "<group>";
		};
		5E1B792F27CFED7A00A9478D /* Wawes */ = {
			isa = PBXGroup;
			children = (
				5E1B793227CFEDEC00A9478D /* buoyBells.m4a */,
				5E1B793027CFED9E00A9478D /* WawesView.swift */,
				5E1B793827CFEF2400A9478D /* BuoyView.swift */,
				5E1B793A27CFEF4700A9478D /* WaweView.swift */,
			);
			path = Wawes;
			sourceTree = "<group>";
		};
		5E1B793E27D1407600A9478D /* HeartAnimate */ = {
			isa = PBXGroup;
			children = (
				5E1B793F27D1409A00A9478D /* HeartAnimateView.swift */,
				5E1B794127D140BE00A9478D /* HeartShape.swift */,
			);
			path = HeartAnimate;
			sourceTree = "<group>";
		};
		5E1B794327D144F600A9478D /* ExpandButton */ = {
			isa = PBXGroup;
			children = (
				5E1B794427D1456400A9478D /* ExpandButtonView.swift */,
				5E1B794627D27F3B00A9478D /* ExpandingView.swift */,
			);
			path = ExpandButton;
			sourceTree = "<group>";
		};
		5E1B794827D281F900A9478D /* LightSwitch */ = {
			isa = PBXGroup;
			children = (
				5E1B794927D2825200A9478D /* LightSwitchView.swift */,
			);
			path = LightSwitch;
			sourceTree = "<group>";
		};
		5E1B794B27D2853A00A9478D /* WifiLoading */ = {
			isa = PBXGroup;
			children = (
				5E1B794C27D2855B00A9478D /* WifiLoadingView.swift */,
				5E1B794E27D2885300A9478D /* CirclesView.swift */,
				5E1B795027D2896800A9478D /* CircleEmitterView.swift */,
				5E1B795227D28A3900A9478D /* ArcView.swift */,
			);
			path = WifiLoading;
			sourceTree = "<group>";
		};
		5E1B795427D28C7B00A9478D /* Tutorials */ = {
			isa = PBXGroup;
			children = (
				5E1B794B27D2853A00A9478D /* WifiLoading */,
				5E1B794827D281F900A9478D /* LightSwitch */,
				5E1B794327D144F600A9478D /* ExpandButton */,
				5E1B793E27D1407600A9478D /* HeartAnimate */,
				5E1B792F27CFED7A00A9478D /* Wawes */,
				5E1B792227CF7E2E00A9478D /* GearsAndBelts */,
				5E1B791627CE941F00A9478D /* WeatherGraphAnimation */,
				5E1B791327CE18E900A9478D /* TwinklingStars */,
				5EF2841727CCD1D700901443 /* Swinging */,
				5EF2840C27CB6D5900901443 /* ElevatorApp */,
				5EF2840927CB638200901443 /* ParallaxEffext */,
				5EDC147327CABE5C0080DA96 /* FlyPresentDismissTransition */,
				5EDC147027CA39660080DA96 /* HugeRotation */,
				5EDC146D27CA29400080DA96 /* BubbleSpriteKit */,
				5E41629727C971BB008B9352 /* FlyingBird */,
				5E41629427C964A7008B9352 /* BreathingFlower */,
				5E41629127C95406008B9352 /* FunColorRotation */,
				5E41627F27C7FC16008B9352 /* RecordPlayer */,
				5EE3D5AC27C78E1400BCFDF8 /* CircleAnimation */,
			);
			path = Tutorials;
			sourceTree = "<group>";
		};
		5E1B795927D3844D00A9478D /* Model */ = {
			isa = PBXGroup;
			children = (
				5E1B795A27D3846400A9478D /* BoardingScreen.swift */,
				5E1B796E27D48C5A00A9478D /* CardModel.swift */,
				5E1B797627D4C4AC00A9478D /* TutorialModel.swift */,
			);
			path = Model;
			sourceTree = "<group>";
		};
		5E1B795C27D386A800A9478D /* View */ = {
			isa = PBXGroup;
			children = (
				5E1B795D27D386BB00A9478D /* OnBoarding.swift */,
				5E1B795527D371C700A9478D /* SplashScreenView.swift */,
				5E1B795F27D387A000A9478D /* OffsetPageTabView.swift */,
				5E1B796C27D48BA500A9478D /* HomeView.swift */,
				5E1B797227D48CF400A9478D /* CardView.swift */,
				5E1B797427D4BF1400A9478D /* CustomGridView.swift */,
				5E1B797A27D4D18F00A9478D /* CustomCarouselView.swift */,
				5E1B797C27D4D90400A9478D /* CustomNavigationView.swift */,
				5E1B798027D609DB00A9478D /* CarouselDetailView.swift */,
				5E1B798227D60C1500A9478D /* GridDetailView.swift */,
			);
			path = View;
			sourceTree = "<group>";
		};
		5E1B796327D3E16B00A9478D /* ViewModel */ = {
			isa = PBXGroup;
			children = (
				5E1B797027D48CA200A9478D /* CarouselViewModel.swift */,
				5E1B797827D4C60100A9478D /* CustomGridViewModel.swift */,
			);
			path = ViewModel;
			sourceTree = "<group>";
		};
		5E41627F27C7FC16008B9352 /* RecordPlayer */ = {
			isa = PBXGroup;
			children = (
				5E41628227C7FD54008B9352 /* RecordPlayerBox.swift */,
				5E41628427C802B4008B9352 /* PlaySound.swift */,
				5E41628627C802F5008B9352 /* RecordView.swift */,
				5E1B793627CFEED600A9478D /* sevemedim.m4a */,
				5E41628B27C8043B008B9352 /* ArmView.swift */,
				5E41628D27C805DE008B9352 /* RecordPlayerView.swift */,
			);
			path = RecordPlayer;
			sourceTree = "<group>";
		};
		5E41629127C95406008B9352 /* FunColorRotation */ = {
			isa = PBXGroup;
			children = (
				5E41629227C95474008B9352 /* FunColorRotationView.swift */,
			);
			path = FunColorRotation;
			sourceTree = "<group>";
		};
		5E41629427C964A7008B9352 /* BreathingFlower */ = {
			isa = PBXGroup;
			children = (
				5E41629527C964CC008B9352 /* BreathingFlowerView.swift */,
			);
			path = BreathingFlower;
			sourceTree = "<group>";
		};
		5E41629727C971BB008B9352 /* FlyingBird */ = {
			isa = PBXGroup;
			children = (
				5E41629827C971D3008B9352 /* FlyingBirdView.swift */,
			);
			path = FlyingBird;
			sourceTree = "<group>";
		};
		5EDC146D27CA29400080DA96 /* BubbleSpriteKit */ = {
			isa = PBXGroup;
			children = (
				5EDC146E27CA29590080DA96 /* BubbleSpriteKitView.swift */,
			);
			path = BubbleSpriteKit;
			sourceTree = "<group>";
		};
		5EDC147027CA39660080DA96 /* HugeRotation */ = {
			isa = PBXGroup;
			children = (
				5EDC147127CA39B00080DA96 /* HugeRotationView.swift */,
			);
			path = HugeRotation;
			sourceTree = "<group>";
		};
		5EDC147327CABE5C0080DA96 /* FlyPresentDismissTransition */ = {
			isa = PBXGroup;
			children = (
				5EDC147427CABE860080DA96 /* FlyPresentDismissTransitionView.swift */,
				5EDC147627CABF010080DA96 /* SettingsView.swift */,
			);
			path = FlyPresentDismissTransition;
			sourceTree = "<group>";
		};
		5EE3D59227C78E0800BCFDF8 = {
			isa = PBXGroup;
			children = (
				5EE3D59D27C78E0800BCFDF8 /* SwiftUIAnimationTutorials */,
				5EE3D59C27C78E0800BCFDF8 /* Products */,
			);
			sourceTree = "<group>";
		};
		5EE3D59C27C78E0800BCFDF8 /* Products */ = {
			isa = PBXGroup;
			children = (
				5EE3D59B27C78E0800BCFDF8 /* SwiftUIAnimationTutorials.app */,
			);
			name = Products;
			sourceTree = "<group>";
		};
		5EE3D59D27C78E0800BCFDF8 /* SwiftUIAnimationTutorials */ = {
			isa = PBXGroup;
			children = (
				5E1B796327D3E16B00A9478D /* ViewModel */,
				5E1B795C27D386A800A9478D /* View */,
				5E1B795927D3844D00A9478D /* Model */,
				5E1B795427D28C7B00A9478D /* Tutorials */,
				5EE3D59E27C78E0800BCFDF8 /* SwiftUIAnimationTutorialsApp.swift */,
				5EE3D5A027C78E0800BCFDF8 /* ContentView.swift */,
				5E1B795727D3747200A9478D /* OnBoardScreenView.swift */,
				5EE3D5A227C78E0900BCFDF8 /* Assets.xcassets */,
				5EE3D5A427C78E0900BCFDF8 /* Preview Content */,
			);
			path = SwiftUIAnimationTutorials;
			sourceTree = "<group>";
		};
		5EE3D5A427C78E0900BCFDF8 /* Preview Content */ = {
			isa = PBXGroup;
			children = (
				5EE3D5A527C78E0900BCFDF8 /* Preview Assets.xcassets */,
			);
			path = "Preview Content";
			sourceTree = "<group>";
		};
		5EE3D5AC27C78E1400BCFDF8 /* CircleAnimation */ = {
			isa = PBXGroup;
			children = (
				5EE3D5AD27C78E4E00BCFDF8 /* CircleView.swift */,
			);
			path = CircleAnimation;
			sourceTree = "<group>";
		};
		5EF2840927CB638200901443 /* ParallaxEffext */ = {
			isa = PBXGroup;
			children = (
				5EF2840A27CB63A300901443 /* ParallaxEffectView.swift */,
			);
			path = ParallaxEffext;
			sourceTree = "<group>";
		};
		5EF2840C27CB6D5900901443 /* ElevatorApp */ = {
			isa = PBXGroup;
			children = (
				5EF2841027CB6DB700901443 /* doorsOpenClose.m4a */,
				5EF2840F27CB6DB700901443 /* elevatorChime.m4a */,
				5EF2840D27CB6D6F00901443 /* ElevatorAppView.swift */,
				5EF2841327CB74AA00901443 /*  FrameAndDoorsView.swift */,
				5EF2841527CB78CA00901443 /* ElevatorPlaySound.swift */,
			);
			path = ElevatorApp;
			sourceTree = "<group>";
		};
		5EF2841727CCD1D700901443 /* Swinging */ = {
			isa = PBXGroup;
			children = (
				5EF2841827CCD1F200901443 /* SwingingView.swift */,
			);
			path = Swinging;
			sourceTree = "<group>";
		};
/* End PBXGroup section */

/* Begin PBXNativeTarget section */
		5EE3D59A27C78E0800BCFDF8 /* SwiftUIAnimationTutorials */ = {
			isa = PBXNativeTarget;
			buildConfigurationList = 5EE3D5A927C78E0900BCFDF8 /* Build configuration list for PBXNativeTarget "SwiftUIAnimationTutorials" */;
			buildPhases = (
				5EE3D59727C78E0800BCFDF8 /* Sources */,
				5EE3D59827C78E0800BCFDF8 /* Frameworks */,
				5EE3D59927C78E0800BCFDF8 /* Resources */,
			);
			buildRules = (
			);
			dependencies = (
			);
			name = SwiftUIAnimationTutorials;
			packageProductDependencies = (
				5E1B791E27CF7A2E00A9478D /* SunMoonToggleStyle */,
			);
			productName = SwiftUIAnimationTutorials;
			productReference = 5EE3D59B27C78E0800BCFDF8 /* SwiftUIAnimationTutorials.app */;
			productType = "com.apple.product-type.application";
		};
/* End PBXNativeTarget section */

/* Begin PBXProject section */
		5EE3D59327C78E0800BCFDF8 /* Project object */ = {
			isa = PBXProject;
			attributes = {
				BuildIndependentTargetsInParallel = 1;
				LastSwiftUpdateCheck = 1320;
				LastUpgradeCheck = 1320;
				TargetAttributes = {
					5EE3D59A27C78E0800BCFDF8 = {
						CreatedOnToolsVersion = 13.2.1;
					};
				};
			};
			buildConfigurationList = 5EE3D59627C78E0800BCFDF8 /* Build configuration list for PBXProject "SwiftUIAnimationTutorials" */;
			compatibilityVersion = "Xcode 13.0";
			developmentRegion = en;
			hasScannedForEncodings = 0;
			knownRegions = (
				en,
				Base,
			);
			mainGroup = 5EE3D59227C78E0800BCFDF8;
			packageReferences = (
				5E1B791D27CF7A2E00A9478D /* XCRemoteSwiftPackageReference "SunMoonToggleStyle" */,
			);
			productRefGroup = 5EE3D59C27C78E0800BCFDF8 /* Products */;
			projectDirPath = "";
			projectRoot = "";
			targets = (
				5EE3D59A27C78E0800BCFDF8 /* SwiftUIAnimationTutorials */,
			);
		};
/* End PBXProject section */

/* Begin PBXResourcesBuildPhase section */
		5EE3D59927C78E0800BCFDF8 /* Resources */ = {
			isa = PBXResourcesBuildPhase;
			buildActionMask = 2147483647;
			files = (
				5E1B793727CFEED600A9478D /* sevemedim.m4a in Resources */,
				5EF2841127CB6DB700901443 /* elevatorChime.m4a in Resources */,
				5E1B793327CFEDEC00A9478D /* buoyBells.m4a in Resources */,
				5EE3D5A627C78E0900BCFDF8 /* Preview Assets.xcassets in Resources */,
				5EF2841227CB6DB700901443 /* doorsOpenClose.m4a in Resources */,
				5EE3D5A327C78E0900BCFDF8 /* Assets.xcassets in Resources */,
			);
			runOnlyForDeploymentPostprocessing = 0;
		};
/* End PBXResourcesBuildPhase section */

/* Begin PBXSourcesBuildPhase section */
		5EE3D59727C78E0800BCFDF8 /* Sources */ = {
			isa = PBXSourcesBuildPhase;
			buildActionMask = 2147483647;
			files = (
				5E1B791527CE1BBF00A9478D /* TwinklingStarsView.swift in Sources */,
				5EF2841627CB78CA00901443 /* ElevatorPlaySound.swift in Sources */,
				5E1B792127CF7AA900A9478D /* SunMoonToggleView.swift in Sources */,
				5EF2840B27CB63A300901443 /* ParallaxEffectView.swift in Sources */,
				5E1B797927D4C60100A9478D /* CustomGridViewModel.swift in Sources */,
				5E1B795827D3747200A9478D /* OnBoardScreenView.swift in Sources */,
				5E1B792427CF7E6800A9478D /* GearsAndBeltsView.swift in Sources */,
				5E1B795127D2896800A9478D /* CircleEmitterView.swift in Sources */,
				5E1B797527D4BF1400A9478D /* CustomGridView.swift in Sources */,
				5E1B794727D27F3B00A9478D /* ExpandingView.swift in Sources */,
				5EDC147727CABF010080DA96 /* SettingsView.swift in Sources */,
				5E1B795327D28A3900A9478D /* ArcView.swift in Sources */,
				5E41628E27C805DE008B9352 /* RecordPlayerView.swift in Sources */,
				5EF2840E27CB6D6F00901443 /* ElevatorAppView.swift in Sources */,
				5E1B793B27CFEF4700A9478D /* WaweView.swift in Sources */,
				5E1B797B27D4D18F00A9478D /* CustomCarouselView.swift in Sources */,
				5E1B797127D48CA200A9478D /* CarouselViewModel.swift in Sources */,
				5E41629927C971D3008B9352 /* FlyingBirdView.swift in Sources */,
				5E1B797D27D4D90400A9478D /* CustomNavigationView.swift in Sources */,
				5E1B791827CE944300A9478D /* WeatherGraphAnimationView.swift in Sources */,
				5EDC147527CABE860080DA96 /* FlyPresentDismissTransitionView.swift in Sources */,
				5E1B795627D371C700A9478D /* SplashScreenView.swift in Sources */,
				5E1B794227D140BE00A9478D /* HeartShape.swift in Sources */,
				5E1B792827CFD53400A9478D /* BeltView.swift in Sources */,
				5E1B793127CFED9E00A9478D /* WawesView.swift in Sources */,
				5E1B794D27D2855B00A9478D /* WifiLoadingView.swift in Sources */,
				5E1B797727D4C4AC00A9478D /* TutorialModel.swift in Sources */,
				5E41628327C7FD54008B9352 /* RecordPlayerBox.swift in Sources */,
				5E41628C27C8043B008B9352 /* ArmView.swift in Sources */,
				5E1B792E27CFDAFC00A9478D /* FanView.swift in Sources */,
				5E1B796027D387A000A9478D /* OffsetPageTabView.swift in Sources */,
				5E41629627C964CC008B9352 /* BreathingFlowerView.swift in Sources */,
				5E1B795E27D386BB00A9478D /* OnBoarding.swift in Sources */,
				5E1B792627CFD16A00A9478D /* GearView.swift in Sources */,
				5E41629327C95474008B9352 /* FunColorRotationView.swift in Sources */,
				5E1B796F27D48C5A00A9478D /* CardModel.swift in Sources */,
				5E1B796D27D48BA500A9478D /* HomeView.swift in Sources */,
				5E41628527C802B4008B9352 /* PlaySound.swift in Sources */,
				5E1B794527D1456400A9478D /* ExpandButtonView.swift in Sources */,
				5E1B798127D609DB00A9478D /* CarouselDetailView.swift in Sources */,
				5E1B793927CFEF2400A9478D /* BuoyView.swift in Sources */,
				5E41628727C802F5008B9352 /* RecordView.swift in Sources */,
				5EE3D5AE27C78E4E00BCFDF8 /* CircleView.swift in Sources */,
				5E1B794F27D2885300A9478D /* CirclesView.swift in Sources */,
				5EF2841927CCD1F200901443 /* SwingingView.swift in Sources */,
				5E1B794A27D2825200A9478D /* LightSwitchView.swift in Sources */,
				5E1B794027D1409A00A9478D /* HeartAnimateView.swift in Sources */,
				5E1B798327D60C1500A9478D /* GridDetailView.swift in Sources */,
				5EF2841427CB74AA00901443 /*  FrameAndDoorsView.swift in Sources */,
				5EE3D5A127C78E0800BCFDF8 /* ContentView.swift in Sources */,
				5E1B792C27CFDAA700A9478D /* ShaftView.swift in Sources */,
				5EDC147227CA39B00080DA96 /* HugeRotationView.swift in Sources */,
				5E1B791C27CE974A00A9478D /* PickerView.swift in Sources */,
				5E1B797327D48CF400A9478D /* CardView.swift in Sources */,
				5E1B795B27D3846400A9478D /* BoardingScreen.swift in Sources */,
				5EDC146F27CA29590080DA96 /* BubbleSpriteKitView.swift in Sources */,
				5E1B792A27CFD60D00A9478D /* WormGearsView.swift in Sources */,
				5EE3D59F27C78E0800BCFDF8 /* SwiftUIAnimationTutorialsApp.swift in Sources */,
				5E1B791A27CE955400A9478D /* DataModel.swift in Sources */,
			);
			runOnlyForDeploymentPostprocessing = 0;
		};
/* End PBXSourcesBuildPhase section */

/* Begin XCBuildConfiguration section */
		5EE3D5A727C78E0900BCFDF8 /* Debug */ = {
			isa = XCBuildConfiguration;
			buildSettings = {
				ALWAYS_SEARCH_USER_PATHS = NO;
				CLANG_ANALYZER_NONNULL = YES;
				CLANG_ANALYZER_NUMBER_OBJECT_CONVERSION = YES_AGGRESSIVE;
				CLANG_CXX_LANGUAGE_STANDARD = "gnu++17";
				CLANG_CXX_LIBRARY = "libc++";
				CLANG_ENABLE_MODULES = YES;
				CLANG_ENABLE_OBJC_ARC = YES;
				CLANG_ENABLE_OBJC_WEAK = YES;
				CLANG_WARN_BLOCK_CAPTURE_AUTORELEASING = YES;
				CLANG_WARN_BOOL_CONVERSION = YES;
				CLANG_WARN_COMMA = YES;
				CLANG_WARN_CONSTANT_CONVERSION = YES;
				CLANG_WARN_DEPRECATED_OBJC_IMPLEMENTATIONS = YES;
				CLANG_WARN_DIRECT_OBJC_ISA_USAGE = YES_ERROR;
				CLANG_WARN_DOCUMENTATION_COMMENTS = YES;
				CLANG_WARN_EMPTY_BODY = YES;
				CLANG_WARN_ENUM_CONVERSION = YES;
				CLANG_WARN_INFINITE_RECURSION = YES;
				CLANG_WARN_INT_CONVERSION = YES;
				CLANG_WARN_NON_LITERAL_NULL_CONVERSION = YES;
				CLANG_WARN_OBJC_IMPLICIT_RETAIN_SELF = YES;
				CLANG_WARN_OBJC_LITERAL_CONVERSION = YES;
				CLANG_WARN_OBJC_ROOT_CLASS = YES_ERROR;
				CLANG_WARN_QUOTED_INCLUDE_IN_FRAMEWORK_HEADER = YES;
				CLANG_WARN_RANGE_LOOP_ANALYSIS = YES;
				CLANG_WARN_STRICT_PROTOTYPES = YES;
				CLANG_WARN_SUSPICIOUS_MOVE = YES;
				CLANG_WARN_UNGUARDED_AVAILABILITY = YES_AGGRESSIVE;
				CLANG_WARN_UNREACHABLE_CODE = YES;
				CLANG_WARN__DUPLICATE_METHOD_MATCH = YES;
				COPY_PHASE_STRIP = NO;
				DEBUG_INFORMATION_FORMAT = dwarf;
				ENABLE_STRICT_OBJC_MSGSEND = YES;
				ENABLE_TESTABILITY = YES;
				GCC_C_LANGUAGE_STANDARD = gnu11;
				GCC_DYNAMIC_NO_PIC = NO;
				GCC_NO_COMMON_BLOCKS = YES;
				GCC_OPTIMIZATION_LEVEL = 0;
				GCC_PREPROCESSOR_DEFINITIONS = (
					"DEBUG=1",
					"$(inherited)",
				);
				GCC_WARN_64_TO_32_BIT_CONVERSION = YES;
				GCC_WARN_ABOUT_RETURN_TYPE = YES_ERROR;
				GCC_WARN_UNDECLARED_SELECTOR = YES;
				GCC_WARN_UNINITIALIZED_AUTOS = YES_AGGRESSIVE;
				GCC_WARN_UNUSED_FUNCTION = YES;
				GCC_WARN_UNUSED_VARIABLE = YES;
				IPHONEOS_DEPLOYMENT_TARGET = 15.2;
				MTL_ENABLE_DEBUG_INFO = INCLUDE_SOURCE;
				MTL_FAST_MATH = YES;
				ONLY_ACTIVE_ARCH = YES;
				SDKROOT = iphoneos;
				SWIFT_ACTIVE_COMPILATION_CONDITIONS = DEBUG;
				SWIFT_OPTIMIZATION_LEVEL = "-Onone";
			};
			name = Debug;
		};
		5EE3D5A827C78E0900BCFDF8 /* Release */ = {
			isa = XCBuildConfiguration;
			buildSettings = {
				ALWAYS_SEARCH_USER_PATHS = NO;
				CLANG_ANALYZER_NONNULL = YES;
				CLANG_ANALYZER_NUMBER_OBJECT_CONVERSION = YES_AGGRESSIVE;
				CLANG_CXX_LANGUAGE_STANDARD = "gnu++17";
				CLANG_CXX_LIBRARY = "libc++";
				CLANG_ENABLE_MODULES = YES;
				CLANG_ENABLE_OBJC_ARC = YES;
				CLANG_ENABLE_OBJC_WEAK = YES;
				CLANG_WARN_BLOCK_CAPTURE_AUTORELEASING = YES;
				CLANG_WARN_BOOL_CONVERSION = YES;
				CLANG_WARN_COMMA = YES;
				CLANG_WARN_CONSTANT_CONVERSION = YES;
				CLANG_WARN_DEPRECATED_OBJC_IMPLEMENTATIONS = YES;
				CLANG_WARN_DIRECT_OBJC_ISA_USAGE = YES_ERROR;
				CLANG_WARN_DOCUMENTATION_COMMENTS = YES;
				CLANG_WARN_EMPTY_BODY = YES;
				CLANG_WARN_ENUM_CONVERSION = YES;
				CLANG_WARN_INFINITE_RECURSION = YES;
				CLANG_WARN_INT_CONVERSION = YES;
				CLANG_WARN_NON_LITERAL_NULL_CONVERSION = YES;
				CLANG_WARN_OBJC_IMPLICIT_RETAIN_SELF = YES;
				CLANG_WARN_OBJC_LITERAL_CONVERSION = YES;
				CLANG_WARN_OBJC_ROOT_CLASS = YES_ERROR;
				CLANG_WARN_QUOTED_INCLUDE_IN_FRAMEWORK_HEADER = YES;
				CLANG_WARN_RANGE_LOOP_ANALYSIS = YES;
				CLANG_WARN_STRICT_PROTOTYPES = YES;
				CLANG_WARN_SUSPICIOUS_MOVE = YES;
				CLANG_WARN_UNGUARDED_AVAILABILITY = YES_AGGRESSIVE;
				CLANG_WARN_UNREACHABLE_CODE = YES;
				CLANG_WARN__DUPLICATE_METHOD_MATCH = YES;
				COPY_PHASE_STRIP = NO;
				DEBUG_INFORMATION_FORMAT = "dwarf-with-dsym";
				ENABLE_NS_ASSERTIONS = NO;
				ENABLE_STRICT_OBJC_MSGSEND = YES;
				GCC_C_LANGUAGE_STANDARD = gnu11;
				GCC_NO_COMMON_BLOCKS = YES;
				GCC_WARN_64_TO_32_BIT_CONVERSION = YES;
				GCC_WARN_ABOUT_RETURN_TYPE = YES_ERROR;
				GCC_WARN_UNDECLARED_SELECTOR = YES;
				GCC_WARN_UNINITIALIZED_AUTOS = YES_AGGRESSIVE;
				GCC_WARN_UNUSED_FUNCTION = YES;
				GCC_WARN_UNUSED_VARIABLE = YES;
				IPHONEOS_DEPLOYMENT_TARGET = 15.2;
				MTL_ENABLE_DEBUG_INFO = NO;
				MTL_FAST_MATH = YES;
				SDKROOT = iphoneos;
				SWIFT_COMPILATION_MODE = wholemodule;
				SWIFT_OPTIMIZATION_LEVEL = "-O";
				VALIDATE_PRODUCT = YES;
			};
			name = Release;
		};
		5EE3D5AA27C78E0900BCFDF8 /* Debug */ = {
			isa = XCBuildConfiguration;
			buildSettings = {
				ASSETCATALOG_COMPILER_APPICON_NAME = AppIcon;
				ASSETCATALOG_COMPILER_GLOBAL_ACCENT_COLOR_NAME = AccentColor;
				CODE_SIGN_STYLE = Automatic;
				CURRENT_PROJECT_VERSION = 1;
				DEVELOPMENT_ASSET_PATHS = "\"SwiftUIAnimationTutorials/Preview Content\"";
				DEVELOPMENT_TEAM = SS2CH8F6CH;
				ENABLE_PREVIEWS = YES;
				GENERATE_INFOPLIST_FILE = YES;
				INFOPLIST_KEY_UIApplicationSceneManifest_Generation = YES;
				INFOPLIST_KEY_UIApplicationSupportsIndirectInputEvents = YES;
				INFOPLIST_KEY_UILaunchScreen_Generation = YES;
				INFOPLIST_KEY_UISupportedInterfaceOrientations_iPad = "UIInterfaceOrientationPortrait UIInterfaceOrientationPortraitUpsideDown UIInterfaceOrientationLandscapeLeft UIInterfaceOrientationLandscapeRight";
				INFOPLIST_KEY_UISupportedInterfaceOrientations_iPhone = "UIInterfaceOrientationPortrait UIInterfaceOrientationLandscapeLeft UIInterfaceOrientationLandscapeRight";
				LD_RUNPATH_SEARCH_PATHS = (
					"$(inherited)",
					"@executable_path/Frameworks",
				);
				MARKETING_VERSION = 1.0;
				PRODUCT_BUNDLE_IDENTIFIER = com.hamitseyrek.SwiftUIAnimationTutorials;
				PRODUCT_NAME = "$(TARGET_NAME)";
				SWIFT_EMIT_LOC_STRINGS = YES;
				SWIFT_VERSION = 5.0;
				TARGETED_DEVICE_FAMILY = "1,2";
			};
			name = Debug;
		};
		5EE3D5AB27C78E0900BCFDF8 /* Release */ = {
			isa = XCBuildConfiguration;
			buildSettings = {
				ASSETCATALOG_COMPILER_APPICON_NAME = AppIcon;
				ASSETCATALOG_COMPILER_GLOBAL_ACCENT_COLOR_NAME = AccentColor;
				CODE_SIGN_STYLE = Automatic;
				CURRENT_PROJECT_VERSION = 1;
				DEVELOPMENT_ASSET_PATHS = "\"SwiftUIAnimationTutorials/Preview Content\"";
				DEVELOPMENT_TEAM = SS2CH8F6CH;
				ENABLE_PREVIEWS = YES;
				GENERATE_INFOPLIST_FILE = YES;
				INFOPLIST_KEY_UIApplicationSceneManifest_Generation = YES;
				INFOPLIST_KEY_UIApplicationSupportsIndirectInputEvents = YES;
				INFOPLIST_KEY_UILaunchScreen_Generation = YES;
				INFOPLIST_KEY_UISupportedInterfaceOrientations_iPad = "UIInterfaceOrientationPortrait UIInterfaceOrientationPortraitUpsideDown UIInterfaceOrientationLandscapeLeft UIInterfaceOrientationLandscapeRight";
				INFOPLIST_KEY_UISupportedInterfaceOrientations_iPhone = "UIInterfaceOrientationPortrait UIInterfaceOrientationLandscapeLeft UIInterfaceOrientationLandscapeRight";
				LD_RUNPATH_SEARCH_PATHS = (
					"$(inherited)",
					"@executable_path/Frameworks",
				);
				MARKETING_VERSION = 1.0;
				PRODUCT_BUNDLE_IDENTIFIER = com.hamitseyrek.SwiftUIAnimationTutorials;
				PRODUCT_NAME = "$(TARGET_NAME)";
				SWIFT_EMIT_LOC_STRINGS = YES;
				SWIFT_VERSION = 5.0;
				TARGETED_DEVICE_FAMILY = "1,2";
			};
			name = Release;
		};
/* End XCBuildConfiguration section */

/* Begin XCConfigurationList section */
		5EE3D59627C78E0800BCFDF8 /* Build configuration list for PBXProject "SwiftUIAnimationTutorials" */ = {
			isa = XCConfigurationList;
			buildConfigurations = (
				5EE3D5A727C78E0900BCFDF8 /* Debug */,
				5EE3D5A827C78E0900BCFDF8 /* Release */,
			);
			defaultConfigurationIsVisible = 0;
			defaultConfigurationName = Release;
		};
		5EE3D5A927C78E0900BCFDF8 /* Build configuration list for PBXNativeTarget "SwiftUIAnimationTutorials" */ = {
			isa = XCConfigurationList;
			buildConfigurations = (
				5EE3D5AA27C78E0900BCFDF8 /* Debug */,
				5EE3D5AB27C78E0900BCFDF8 /* Release */,
			);
			defaultConfigurationIsVisible = 0;
			defaultConfigurationName = Release;
		};
/* End XCConfigurationList section */

/* Begin XCRemoteSwiftPackageReference section */
		5E1B791D27CF7A2E00A9478D /* XCRemoteSwiftPackageReference "SunMoonToggleStyle" */ = {
			isa = XCRemoteSwiftPackageReference;
			repositoryURL = "https://github.com/puthnith/SunMoonToggleStyle";
			requirement = {
				kind = upToNextMajorVersion;
				minimumVersion = 0.0.2;
			};
		};
/* End XCRemoteSwiftPackageReference section */

/* Begin XCSwiftPackageProductDependency section */
		5E1B791E27CF7A2E00A9478D /* SunMoonToggleStyle */ = {
			isa = XCSwiftPackageProductDependency;
			package = 5E1B791D27CF7A2E00A9478D /* XCRemoteSwiftPackageReference "SunMoonToggleStyle" */;
			productName = SunMoonToggleStyle;
		};
/* End XCSwiftPackageProductDependency section */
	};
	rootObject = 5EE3D59327C78E0800BCFDF8 /* Project object */;
}
